
Microsoft Visual Studio Solution File, Format Version 12.00
# Visual Studio 15
VisualStudioVersion = 15.0.27703.2035
MinimumVisualStudioVersion = 10.0.40219.1
Project("{FAE04EC0-301F-11D3-BF4B-00C04F79EFBC}") = "TicTacToe", "TicTacToe\TicTacToe.csproj", "{BF3C8B02-586A-4EDD-A6BB-D332B1DE6C50}"
EndProject
Global
	GlobalSection(SolutionConfigurationPlatforms) = preSolution
		Debug|Any CPU = Debug|Any CPU
		Release|Any CPU = Release|Any CPU
	EndGlobalSection
	GlobalSection(ProjectConfigurationPlatforms) = postSolution
		{BF3C8B02-586A-4EDD-A6BB-D332B1DE6C50}.Debug|Any CPU.ActiveCfg = Debug|Any CPU
		{BF3C8B02-586A-4EDD-A6BB-D332B1DE6C50}.Debug|Any CPU.Build.0 = Debug|Any CPU
		{BF3C8B02-586A-4EDD-A6BB-D332B1DE6C50}.Release|Any CPU.ActiveCfg = Release|Any CPU
		{BF3C8B02-586A-4EDD-A6BB-D332B1DE6C50}.Release|Any CPU.Build.0 = Release|Any CPU
	EndGlobalSection
	GlobalSection(SolutionProperties) = preSolution
		HideSolutionNode = FALSE
	EndGlobalSection
	GlobalSection(ExtensibilityGlobals) = postSolution
		SolutionGuid = {763C2993-88F6-432B-8177-571996E5DF78}
	EndGlobalSection
EndGlobal
